# THIS IS AN AUTOGENERATED FILE. DO NOT EDIT THIS FILE DIRECTLY.
# yarn lockfile v1


"@babel/code-frame@^7.0.0":
  version "7.14.5"
  resolved "https://registry.npmjs.org/@babel/code-frame/-/code-frame-7.14.5.tgz"
  dependencies:
    "@babel/highlight" "^7.14.5"

"@babel/helper-validator-identifier@^7.14.5":
  version "7.14.9"
  resolved "https://registry.npmjs.org/@babel/helper-validator-identifier/-/helper-validator-identifier-7.14.9.tgz"

"@babel/highlight@^7.14.5":
  version "7.14.5"
  resolved "https://registry.npmjs.org/@babel/highlight/-/highlight-7.14.5.tgz"
  dependencies:
    "@babel/helper-validator-identifier" "^7.14.5"
    chalk "^2.0.0"
    js-tokens "^4.0.0"

"@electron/get@^2.0.0":
  version "2.0.2"
  resolved "https://registry.yarnpkg.com/@electron/get/-/get-2.0.2.tgz#ae2a967b22075e9c25aaf00d5941cd79c21efd7e"
  dependencies:
    debug "^4.1.1"
    env-paths "^2.2.0"
    fs-extra "^8.1.0"
    got "^11.8.5"
    progress "^2.0.3"
    semver "^6.2.0"
    sumchecker "^3.0.1"
  optionalDependencies:
    global-agent "^3.0.0"

"@sindresorhus/is@^4.0.0":
  version "4.6.0"
  resolved "https://registry.yarnpkg.com/@sindresorhus/is/-/is-4.6.0.tgz#3c7c9c46e678feefe7a2e5bb609d3dbd665ffb3f"

"@szmarczak/http-timer@^4.0.5":
  version "4.0.6"
  resolved "https://registry.yarnpkg.com/@szmarczak/http-timer/-/http-timer-4.0.6.tgz#b4a914bb62e7c272d4e5989fe4440f812ab1d807"
  dependencies:
    defer-to-connect "^2.0.0"

"@types/cacheable-request@^6.0.1":
  version "6.0.3"
  resolved "https://registry.yarnpkg.com/@types/cacheable-request/-/cacheable-request-6.0.3.tgz#a430b3260466ca7b5ca5bfd735693b36e7a9d183"
  dependencies:
    "@types/http-cache-semantics" "*"
    "@types/keyv" "^3.1.4"
    "@types/node" "*"
    "@types/responselike" "^1.0.0"

"@types/http-cache-semantics@*":
  version "4.0.1"
  resolved "https://registry.yarnpkg.com/@types/http-cache-semantics/-/http-cache-semantics-4.0.1.tgz#0ea7b61496902b95890dc4c3a116b60cb8dae812"

"@types/keyv@^3.1.4":
  version "3.1.4"
  resolved "https://registry.yarnpkg.com/@types/keyv/-/keyv-3.1.4.tgz#3ccdb1c6751b0c7e52300bcdacd5bcbf8faa75b6"
  dependencies:
    "@types/node" "*"

"@types/node@*", "@types/node@^18.11.18":
  version "18.15.13"
  resolved "https://registry.yarnpkg.com/@types/node/-/node-18.15.13.tgz#f64277c341150c979e42b00e4ac289290c9df469"

"@types/responselike@^1.0.0":
  version "1.0.0"
  resolved "https://registry.yarnpkg.com/@types/responselike/-/responselike-1.0.0.tgz#251f4fe7d154d2bad125abe1b429b23afd262e29"
  dependencies:
    "@types/node" "*"

"@types/yauzl@^2.9.1":
  version "2.10.0"
  resolved "https://registry.yarnpkg.com/@types/yauzl/-/yauzl-2.10.0.tgz#b3248295276cf8c6f153ebe6a9aba0c988cb2599"
  dependencies:
    "@types/node" "*"

ansi-styles@^3.2.1:
  version "3.2.1"
  resolved "https://registry.npmjs.org/ansi-styles/-/ansi-styles-3.2.1.tgz"
  dependencies:
    color-convert "^1.9.0"

argparse@^1.0.7:
  version "1.0.10"
  resolved "https://registry.npmjs.org/argparse/-/argparse-1.0.10.tgz"
  dependencies:
    sprintf-js "~1.0.2"

balanced-match@^1.0.0:
  version "1.0.2"
  resolved "https://registry.npmjs.org/balanced-match/-/balanced-match-1.0.2.tgz"

boolean@^3.0.1:
  version "3.1.2"
  resolved "https://registry.npmjs.org/boolean/-/boolean-3.1.2.tgz"

brace-expansion@^1.1.7:
  version "1.1.11"
  resolved "https://registry.npmjs.org/brace-expansion/-/brace-expansion-1.1.11.tgz"
  dependencies:
    balanced-match "^1.0.0"
    concat-map "0.0.1"

buffer-crc32@~0.2.3:
  version "0.2.13"
  resolved "https://registry.npmjs.org/buffer-crc32/-/buffer-crc32-0.2.13.tgz"

builtin-modules@^1.1.1:
  version "1.1.1"
  resolved "https://registry.npmjs.org/builtin-modules/-/builtin-modules-1.1.1.tgz"

cacheable-lookup@^5.0.3:
  version "5.0.4"
  resolved "https://registry.yarnpkg.com/cacheable-lookup/-/cacheable-lookup-5.0.4.tgz#5a6b865b2c44357be3d5ebc2a467b032719a7005"

cacheable-request@^7.0.2:
  version "7.0.2"
  resolved "https://registry.yarnpkg.com/cacheable-request/-/cacheable-request-7.0.2.tgz#ea0d0b889364a25854757301ca12b2da77f91d27"
  dependencies:
    clone-response "^1.0.2"
    get-stream "^5.1.0"
    http-cache-semantics "^4.0.0"
    keyv "^4.0.0"
    lowercase-keys "^2.0.0"
    normalize-url "^6.0.1"
    responselike "^2.0.0"

cargo-cp-artifact@^0.1:
  version "0.1.4"
  resolved "https://registry.npmjs.org/cargo-cp-artifact/-/cargo-cp-artifact-0.1.4.tgz"

chalk@^2.0.0, chalk@^2.3.0:
  version "2.4.2"
  resolved "https://registry.npmjs.org/chalk/-/chalk-2.4.2.tgz"
  dependencies:
    ansi-styles "^3.2.1"
    escape-string-regexp "^1.0.5"
    supports-color "^5.3.0"

clone-response@^1.0.2:
  version "1.0.2"
  resolved "https://registry.npmjs.org/clone-response/-/clone-response-1.0.2.tgz"
  dependencies:
    mimic-response "^1.0.0"

color-convert@^1.9.0:
  version "1.9.3"
  resolved "https://registry.npmjs.org/color-convert/-/color-convert-1.9.3.tgz"
  dependencies:
    color-name "1.1.3"

color-name@1.1.3:
  version "1.1.3"
  resolved "https://registry.npmjs.org/color-name/-/color-name-1.1.3.tgz"

commander@^2.12.1:
  version "2.20.3"
  resolved "https://registry.npmjs.org/commander/-/commander-2.20.3.tgz"

concat-map@0.0.1:
  version "0.0.1"
  resolved "https://registry.npmjs.org/concat-map/-/concat-map-0.0.1.tgz"

debug@^4.1.0, debug@^4.1.1:
  version "4.3.2"
  resolved "https://registry.npmjs.org/debug/-/debug-4.3.2.tgz"
  dependencies:
    ms "2.1.2"

decompress-response@^6.0.0:
  version "6.0.0"
  resolved "https://registry.yarnpkg.com/decompress-response/-/decompress-response-6.0.0.tgz#ca387612ddb7e104bd16d85aab00d5ecf09c66fc"
  dependencies:
    mimic-response "^3.1.0"

defer-to-connect@^2.0.0:
  version "2.0.1"
  resolved "https://registry.yarnpkg.com/defer-to-connect/-/defer-to-connect-2.0.1.tgz#8016bdb4143e4632b77a3449c6236277de520587"

define-properties@^1.1.3:
  version "1.1.3"
  resolved "https://registry.npmjs.org/define-properties/-/define-properties-1.1.3.tgz"
  dependencies:
    object-keys "^1.0.12"

detect-node@^2.0.4:
  version "2.1.0"
  resolved "https://registry.npmjs.org/detect-node/-/detect-node-2.1.0.tgz"

diff@^4.0.1:
  version "4.0.2"
  resolved "https://registry.npmjs.org/diff/-/diff-4.0.2.tgz"

electron@^24.1.2:
  version "24.1.2"
  resolved "https://registry.yarnpkg.com/electron/-/electron-24.1.2.tgz#8dd0b4928a08236be4791d39535d1d35cc05f04b"
  dependencies:
    "@electron/get" "^2.0.0"
    "@types/node" "^18.11.18"
    extract-zip "^2.0.1"

end-of-stream@^1.1.0:
  version "1.4.4"
  resolved "https://registry.npmjs.org/end-of-stream/-/end-of-stream-1.4.4.tgz"
  dependencies:
    once "^1.4.0"

env-paths@^2.2.0:
  version "2.2.1"
  resolved "https://registry.npmjs.org/env-paths/-/env-paths-2.2.1.tgz"

es6-error@^4.1.1:
  version "4.1.1"
  resolved "https://registry.npmjs.org/es6-error/-/es6-error-4.1.1.tgz"

escape-string-regexp@^1.0.5:
  version "1.0.5"
  resolved "https://registry.npmjs.org/escape-string-regexp/-/escape-string-regexp-1.0.5.tgz"

escape-string-regexp@^4.0.0:
  version "4.0.0"
  resolved "https://registry.npmjs.org/escape-string-regexp/-/escape-string-regexp-4.0.0.tgz"

esprima@^4.0.0:
  version "4.0.1"
  resolved "https://registry.npmjs.org/esprima/-/esprima-4.0.1.tgz"

extract-zip@^2.0.1:
  version "2.0.1"
  resolved "https://registry.yarnpkg.com/extract-zip/-/extract-zip-2.0.1.tgz#663dca56fe46df890d5f131ef4a06d22bb8ba13a"
  dependencies:
    debug "^4.1.1"
    get-stream "^5.1.0"
    yauzl "^2.10.0"
  optionalDependencies:
    "@types/yauzl" "^2.9.1"

fd-slicer@~1.1.0:
  version "1.1.0"
  resolved "https://registry.npmjs.org/fd-slicer/-/fd-slicer-1.1.0.tgz"
  dependencies:
    pend "~1.2.0"

fs-extra@^8.1.0:
  version "8.1.0"
  resolved "https://registry.npmjs.org/fs-extra/-/fs-extra-8.1.0.tgz"
  dependencies:
    graceful-fs "^4.2.0"
    jsonfile "^4.0.0"
    universalify "^0.1.0"

fs.realpath@^1.0.0:
  version "1.0.0"
  resolved "https://registry.npmjs.org/fs.realpath/-/fs.realpath-1.0.0.tgz"

function-bind@^1.1.1:
  version "1.1.1"
  resolved "https://registry.npmjs.org/function-bind/-/function-bind-1.1.1.tgz"

get-stream@^5.1.0:
  version "5.2.0"
  resolved "https://registry.npmjs.org/get-stream/-/get-stream-5.2.0.tgz"
  dependencies:
    pump "^3.0.0"

glob@^7.1.1:
  version "7.1.7"
  resolved "https://registry.npmjs.org/glob/-/glob-7.1.7.tgz"
  dependencies:
    fs.realpath "^1.0.0"
    inflight "^1.0.4"
    inherits "2"
    minimatch "^3.0.4"
    once "^1.3.0"
    path-is-absolute "^1.0.0"

global-agent@^3.0.0:
  version "3.0.0"
  resolved "https://registry.yarnpkg.com/global-agent/-/global-agent-3.0.0.tgz#ae7cd31bd3583b93c5a16437a1afe27cc33a1ab6"
  dependencies:
    boolean "^3.0.1"
    es6-error "^4.1.1"
    matcher "^3.0.0"
    roarr "^2.15.3"
    semver "^7.3.2"
    serialize-error "^7.0.1"

globalthis@^1.0.1:
  version "1.0.2"
  resolved "https://registry.npmjs.org/globalthis/-/globalthis-1.0.2.tgz"
  dependencies:
    define-properties "^1.1.3"

got@^11.8.5:
  version "11.8.6"
  resolved "https://registry.yarnpkg.com/got/-/got-11.8.6.tgz#276e827ead8772eddbcfc97170590b841823233a"
  dependencies:
    "@sindresorhus/is" "^4.0.0"
    "@szmarczak/http-timer" "^4.0.5"
    "@types/cacheable-request" "^6.0.1"
    "@types/responselike" "^1.0.0"
    cacheable-lookup "^5.0.3"
    cacheable-request "^7.0.2"
    decompress-response "^6.0.0"
    http2-wrapper "^1.0.0-beta.5.2"
    lowercase-keys "^2.0.0"
    p-cancelable "^2.0.0"
    responselike "^2.0.0"

graceful-fs@^4.1.6, graceful-fs@^4.2.0:
  version "4.2.8"
  resolved "https://registry.npmjs.org/graceful-fs/-/graceful-fs-4.2.8.tgz"

has-flag@^3.0.0:
  version "3.0.0"
  resolved "https://registry.npmjs.org/has-flag/-/has-flag-3.0.0.tgz"

has@^1.0.3:
  version "1.0.3"
  resolved "https://registry.npmjs.org/has/-/has-1.0.3.tgz"
  dependencies:
    function-bind "^1.1.1"

http-cache-semantics@^4.0.0:
  version "4.1.0"
  resolved "https://registry.npmjs.org/http-cache-semantics/-/http-cache-semantics-4.1.0.tgz"

http2-wrapper@^1.0.0-beta.5.2:
  version "1.0.3"
  resolved "https://registry.yarnpkg.com/http2-wrapper/-/http2-wrapper-1.0.3.tgz#b8f55e0c1f25d4ebd08b3b0c2c079f9590800b3d"
  dependencies:
    quick-lru "^5.1.1"
    resolve-alpn "^1.0.0"

inflight@^1.0.4:
  version "1.0.6"
  resolved "https://registry.npmjs.org/inflight/-/inflight-1.0.6.tgz"
  dependencies:
    once "^1.3.0"
    wrappy "1"

inherits@2:
  version "2.0.4"
  resolved "https://registry.npmjs.org/inherits/-/inherits-2.0.4.tgz"

is-core-module@^2.2.0:
  version "2.5.0"
  resolved "https://registry.npmjs.org/is-core-module/-/is-core-module-2.5.0.tgz"
  dependencies:
    has "^1.0.3"

js-tokens@^4.0.0:
  version "4.0.0"
  resolved "https://registry.npmjs.org/js-tokens/-/js-tokens-4.0.0.tgz"

js-yaml@^3.13.1:
  version "3.14.1"
  resolved "https://registry.npmjs.org/js-yaml/-/js-yaml-3.14.1.tgz"
  dependencies:
    argparse "^1.0.7"
    esprima "^4.0.0"

json-buffer@3.0.1:
  version "3.0.1"
  resolved "https://registry.yarnpkg.com/json-buffer/-/json-buffer-3.0.1.tgz#9338802a30d3b6605fbe0613e094008ca8c05a13"

json-stringify-safe@^5.0.1:
  version "5.0.1"
  resolved "https://registry.npmjs.org/json-stringify-safe/-/json-stringify-safe-5.0.1.tgz"

jsonfile@^4.0.0:
  version "4.0.0"
  resolved "https://registry.npmjs.org/jsonfile/-/jsonfile-4.0.0.tgz"
  optionalDependencies:
    graceful-fs "^4.1.6"

keyv@^4.0.0:
  version "4.5.2"
  resolved "https://registry.yarnpkg.com/keyv/-/keyv-4.5.2.tgz#0e310ce73bf7851ec702f2eaf46ec4e3805cce56"
  dependencies:
    json-buffer "3.0.1"

lowercase-keys@^2.0.0:
  version "2.0.0"
  resolved "https://registry.npmjs.org/lowercase-keys/-/lowercase-keys-2.0.0.tgz"

lru-cache@^6.0.0:
  version "6.0.0"
  resolved "https://registry.npmjs.org/lru-cache/-/lru-cache-6.0.0.tgz"
  dependencies:
    yallist "^4.0.0"

matcher@^3.0.0:
  version "3.0.0"
  resolved "https://registry.npmjs.org/matcher/-/matcher-3.0.0.tgz"
  dependencies:
    escape-string-regexp "^4.0.0"

mimic-response@^1.0.0:
  version "1.0.1"
  resolved "https://registry.npmjs.org/mimic-response/-/mimic-response-1.0.1.tgz"

mimic-response@^3.1.0:
  version "3.1.0"
  resolved "https://registry.yarnpkg.com/mimic-response/-/mimic-response-3.1.0.tgz#2d1d59af9c1b129815accc2c46a022a5ce1fa3c9"

minimatch@^3.0.4:
  version "3.0.4"
  resolved "https://registry.npmjs.org/minimatch/-/minimatch-3.0.4.tgz"
  dependencies:
    brace-expansion "^1.1.7"

minimist@^1.2.5:
  version "1.2.5"
  resolved "https://registry.npmjs.org/minimist/-/minimist-1.2.5.tgz"

mkdirp@^0.5.3:
  version "0.5.5"
  resolved "https://registry.npmjs.org/mkdirp/-/mkdirp-0.5.5.tgz"
  dependencies:
    minimist "^1.2.5"

ms@2.1.2:
  version "2.1.2"
  resolved "https://registry.npmjs.org/ms/-/ms-2.1.2.tgz"

normalize-url@^6.0.1:
  version "6.1.0"
  resolved "https://registry.yarnpkg.com/normalize-url/-/normalize-url-6.1.0.tgz#40d0885b535deffe3f3147bec877d05fe4c5668a"

object-keys@^1.0.12:
  version "1.1.1"
  resolved "https://registry.npmjs.org/object-keys/-/object-keys-1.1.1.tgz"

once@^1.3.0, once@^1.3.1, once@^1.4.0:
  version "1.4.0"
  resolved "https://registry.npmjs.org/once/-/once-1.4.0.tgz"
  dependencies:
    wrappy "1"

p-cancelable@^2.0.0:
  version "2.1.1"
  resolved "https://registry.yarnpkg.com/p-cancelable/-/p-cancelable-2.1.1.tgz#aab7fbd416582fa32a3db49859c122487c5ed2cf"

path-is-absolute@^1.0.0:
  version "1.0.1"
  resolved "https://registry.npmjs.org/path-is-absolute/-/path-is-absolute-1.0.1.tgz"

path-parse@^1.0.6:
  version "1.0.7"
  resolved "https://registry.npmjs.org/path-parse/-/path-parse-1.0.7.tgz"

pend@~1.2.0:
  version "1.2.0"
  resolved "https://registry.npmjs.org/pend/-/pend-1.2.0.tgz"

progress@^2.0.3:
  version "2.0.3"
  resolved "https://registry.npmjs.org/progress/-/progress-2.0.3.tgz"

pump@^3.0.0:
  version "3.0.0"
  resolved "https://registry.npmjs.org/pump/-/pump-3.0.0.tgz"
  dependencies:
    end-of-stream "^1.1.0"
    once "^1.3.1"

quick-lru@^5.1.1:
  version "5.1.1"
  resolved "https://registry.yarnpkg.com/quick-lru/-/quick-lru-5.1.1.tgz#366493e6b3e42a3a6885e2e99d18f80fb7a8c932"

resolve-alpn@^1.0.0:
  version "1.2.1"
  resolved "https://registry.yarnpkg.com/resolve-alpn/-/resolve-alpn-1.2.1.tgz#b7adbdac3546aaaec20b45e7d8265927072726f9"

resolve@^1.3.2:
  version "1.20.0"
  resolved "https://registry.npmjs.org/resolve/-/resolve-1.20.0.tgz"
  dependencies:
    is-core-module "^2.2.0"
    path-parse "^1.0.6"

responselike@^2.0.0:
  version "2.0.1"
  resolved "https://registry.yarnpkg.com/responselike/-/responselike-2.0.1.tgz#9a0bc8fdc252f3fb1cca68b016591059ba1422bc"
  dependencies:
    lowercase-keys "^2.0.0"

roarr@^2.15.3:
  version "2.15.4"
  resolved "https://registry.npmjs.org/roarr/-/roarr-2.15.4.tgz"
  dependencies:
    boolean "^3.0.1"
    detect-node "^2.0.4"
    globalthis "^1.0.1"
    json-stringify-safe "^5.0.1"
    semver-compare "^1.0.0"
    sprintf-js "^1.1.2"

semver-compare@^1.0.0:
  version "1.0.0"
  resolved "https://registry.npmjs.org/semver-compare/-/semver-compare-1.0.0.tgz"

semver@^5.3.0:
  version "5.7.1"
  resolved "https://registry.npmjs.org/semver/-/semver-5.7.1.tgz"

semver@^6.2.0:
  version "6.3.0"
  resolved "https://registry.npmjs.org/semver/-/semver-6.3.0.tgz"

semver@^7.3.2:
  version "7.3.5"
  resolved "https://registry.npmjs.org/semver/-/semver-7.3.5.tgz"
  dependencies:
    lru-cache "^6.0.0"

serialize-error@^7.0.1:
  version "7.0.1"
  resolved "https://registry.npmjs.org/serialize-error/-/serialize-error-7.0.1.tgz"
  dependencies:
    type-fest "^0.13.1"

sprintf-js@^1.1.2:
  version "1.1.2"
  resolved "https://registry.npmjs.org/sprintf-js/-/sprintf-js-1.1.2.tgz"

sprintf-js@~1.0.2:
  version "1.0.3"
  resolved "https://registry.npmjs.org/sprintf-js/-/sprintf-js-1.0.3.tgz"

sumchecker@^3.0.1:
  version "3.0.1"
  resolved "https://registry.npmjs.org/sumchecker/-/sumchecker-3.0.1.tgz"
  dependencies:
    debug "^4.1.0"

supports-color@^5.3.0:
  version "5.5.0"
  resolved "https://registry.npmjs.org/supports-color/-/supports-color-5.5.0.tgz"
  dependencies:
    has-flag "^3.0.0"

tslib@^1.13.0, tslib@^1.8.1:
  version "1.14.1"
  resolved "https://registry.npmjs.org/tslib/-/tslib-1.14.1.tgz"

tslint@^6.1.3:
  version "6.1.3"
  resolved "https://registry.npmjs.org/tslint/-/tslint-6.1.3.tgz"
  dependencies:
    "@babel/code-frame" "^7.0.0"
    builtin-modules "^1.1.1"
    chalk "^2.3.0"
    commander "^2.12.1"
    diff "^4.0.1"
    glob "^7.1.1"
    js-yaml "^3.13.1"
    minimatch "^3.0.4"
    mkdirp "^0.5.3"
    resolve "^1.3.2"
    semver "^5.3.0"
    tslib "^1.13.0"
    tsutils "^2.29.0"

tsutils@^2.29.0:
  version "2.29.0"
  resolved "https://registry.npmjs.org/tsutils/-/tsutils-2.29.0.tgz"
  dependencies:
    tslib "^1.8.1"

type-fest@^0.13.1:
  version "0.13.1"
  resolved "https://registry.npmjs.org/type-fest/-/type-fest-0.13.1.tgz"

typescript@^4.3.5:
  version "4.3.5"
  resolved "https://registry.npmjs.org/typescript/-/typescript-4.3.5.tgz"

universalify@^0.1.0:
  version "0.1.2"
  resolved "https://registry.npmjs.org/universalify/-/universalify-0.1.2.tgz"

wrappy@1:
  version "1.0.2"
  resolved "https://registry.npmjs.org/wrappy/-/wrappy-1.0.2.tgz"

yallist@^4.0.0:
  version "4.0.0"
  resolved "https://registry.npmjs.org/yallist/-/yallist-4.0.0.tgz"

yauzl@^2.10.0:
  version "2.10.0"
  resolved "https://registry.npmjs.org/yauzl/-/yauzl-2.10.0.tgz"
  dependencies:
    buffer-crc32 "~0.2.3"
    fd-slicer "~1.1.0"
